
Microsoft Visual Studio Solution File, Format Version 12.00
# Visual Studio Version 17
VisualStudioVersion = 17.3.32929.385
MinimumVisualStudioVersion = 10.0.40219.1
Project("{FAE04EC0-301F-11D3-BF4B-00C04F79EFBC}") = "ConsoleApp3", "ConsoleApp3\ConsoleApp3.csproj", "{4352A6F3-410D-4F39-99EC-E8E1AFE2428A}"
EndProject
Global
	GlobalSection(SolutionConfigurationPlatforms) = preSolution
		Debug|Any CPU = Debug|Any CPU
		Release|Any CPU = Release|Any CPU
	EndGlobalSection
	GlobalSection(ProjectConfigurationPlatforms) = postSolution
		{4352A6F3-410D-4F39-99EC-E8E1AFE2428A}.Debug|Any CPU.ActiveCfg = Debug|Any CPU
		{4352A6F3-410D-4F39-99EC-E8E1AFE2428A}.Debug|Any CPU.Build.0 = Debug|Any CPU
		{4352A6F3-410D-4F39-99EC-E8E1AFE2428A}.Release|Any CPU.ActiveCfg = Release|Any CPU
		{4352A6F3-410D-4F39-99EC-E8E1AFE2428A}.Release|Any CPU.Build.0 = Release|Any CPU
	EndGlobalSection
	GlobalSection(SolutionProperties) = preSolution
		HideSolutionNode = FALSE
	EndGlobalSection
	GlobalSection(ExtensibilityGlobals) = postSolution
		SolutionGuid = {24044E88-1E19-4A0C-A464-AC8B783C55D2}
	EndGlobalSection
EndGlobal
